// !$*UTF8*$!
{
	archiveVersion = 1;
	classes = {
	};
	objectVersion = 46;
	objects = {

/* Begin PBXBuildFile section */
		1D1D4B531D83E20300C7120C /* IntroViewController.swift in Sources */ = {isa = PBXBuildFile; fileRef = 1D1D4B521D83E20300C7120C /* IntroViewController.swift */; };
		1D23F4301D83070900AA171B /* MapKit.framework in Frameworks */ = {isa = PBXBuildFile; fileRef = 1D23F42F1D83070900AA171B /* MapKit.framework */; };
		1D2630FB1D66F7DD00FBD358 /* RegistrationUserDetailViewController.swift in Sources */ = {isa = PBXBuildFile; fileRef = 1D2630FA1D66F7DD00FBD358 /* RegistrationUserDetailViewController.swift */; };
		1D2630FD1D6706C500FBD358 /* AddAdressViewController.swift in Sources */ = {isa = PBXBuildFile; fileRef = 1D2630FC1D6706C500FBD358 /* AddAdressViewController.swift */; };
		1D2630FF1D6718DB00FBD358 /* AddCounterViewController.swift in Sources */ = {isa = PBXBuildFile; fileRef = 1D2630FE1D6718DB00FBD358 /* AddCounterViewController.swift */; };
		1D2631011D67192D00FBD358 /* TransferCounterViewController.swift in Sources */ = {isa = PBXBuildFile; fileRef = 1D2631001D67192D00FBD358 /* TransferCounterViewController.swift */; };
		1D2631031D6719F800FBD358 /* ReportOffenseViewController.swift in Sources */ = {isa = PBXBuildFile; fileRef = 1D2631021D6719F800FBD358 /* ReportOffenseViewController.swift */; };
		1D2631051D671A5B00FBD358 /* ReportDamageViewController.swift in Sources */ = {isa = PBXBuildFile; fileRef = 1D2631041D671A5B00FBD358 /* ReportDamageViewController.swift */; };
		1D4194C61D605FD3005336A9 /* Settings.plist in Resources */ = {isa = PBXBuildFile; fileRef = 1D4194C51D605FD3005336A9 /* Settings.plist */; };
		1D6E240A1D51248B00D47BF3 /* AppDelegate.swift in Sources */ = {isa = PBXBuildFile; fileRef = 1D6E24091D51248B00D47BF3 /* AppDelegate.swift */; };
		1D6E240F1D51248B00D47BF3 /* Main.storyboard in Resources */ = {isa = PBXBuildFile; fileRef = 1D6E240D1D51248B00D47BF3 /* Main.storyboard */; };
		1D6E24121D51248B00D47BF3 /* EnergyWallet.xcdatamodeld in Sources */ = {isa = PBXBuildFile; fileRef = 1D6E24101D51248B00D47BF3 /* EnergyWallet.xcdatamodeld */; };
		1D6E24141D51248B00D47BF3 /* Assets.xcassets in Resources */ = {isa = PBXBuildFile; fileRef = 1D6E24131D51248B00D47BF3 /* Assets.xcassets */; };
		1D6E24171D51248B00D47BF3 /* LaunchScreen.storyboard in Resources */ = {isa = PBXBuildFile; fileRef = 1D6E24151D51248B00D47BF3 /* LaunchScreen.storyboard */; };
		1D6E24221D51248B00D47BF3 /* EnergyWalletTests.swift in Sources */ = {isa = PBXBuildFile; fileRef = 1D6E24211D51248B00D47BF3 /* EnergyWalletTests.swift */; };
		1D6E242D1D51248B00D47BF3 /* EnergyWalletUITests.swift in Sources */ = {isa = PBXBuildFile; fileRef = 1D6E242C1D51248B00D47BF3 /* EnergyWalletUITests.swift */; };
		1D6E24461D51259C00D47BF3 /* Settings.swift in Sources */ = {isa = PBXBuildFile; fileRef = 1D6E243B1D51259C00D47BF3 /* Settings.swift */; };
		1D6E24471D51259C00D47BF3 /* WelcomeSplashScreen.swift in Sources */ = {isa = PBXBuildFile; fileRef = 1D6E243C1D51259C00D47BF3 /* WelcomeSplashScreen.swift */; };
		1D6E24491D51259C00D47BF3 /* UserAutorizationViewController.swift in Sources */ = {isa = PBXBuildFile; fileRef = 1D6E243E1D51259C00D47BF3 /* UserAutorizationViewController.swift */; };
		1D6E244A1D51259C00D47BF3 /* PasswordRecoveryViewController.swift in Sources */ = {isa = PBXBuildFile; fileRef = 1D6E243F1D51259C00D47BF3 /* PasswordRecoveryViewController.swift */; };
		1D6E244B1D51259C00D47BF3 /* RegistrationUserViewController.swift in Sources */ = {isa = PBXBuildFile; fileRef = 1D6E24401D51259C00D47BF3 /* RegistrationUserViewController.swift */; };
		1D6E244D1D51259C00D47BF3 /* PaymentViewController.swift in Sources */ = {isa = PBXBuildFile; fileRef = 1D6E24421D51259C00D47BF3 /* PaymentViewController.swift */; };
		1D6E244E1D51259C00D47BF3 /* AddressViewController.swift in Sources */ = {isa = PBXBuildFile; fileRef = 1D6E24431D51259C00D47BF3 /* AddressViewController.swift */; };
		1D6E244F1D51259C00D47BF3 /* CounterViewController.swift in Sources */ = {isa = PBXBuildFile; fileRef = 1D6E24441D51259C00D47BF3 /* CounterViewController.swift */; };
		1D6E24511D51266000D47BF3 /* DisconnectionViewController.swift in Sources */ = {isa = PBXBuildFile; fileRef = 1D6E24501D51266000D47BF3 /* DisconnectionViewController.swift */; };
		1D80726B1D6DBCCF00B008B8 /* MyBaseViewController.swift in Sources */ = {isa = PBXBuildFile; fileRef = 1D80726A1D6DBCCF00B008B8 /* MyBaseViewController.swift */; };
		1D80726D1D6DD4E700B008B8 /* ReportOffenceTakePhotoViewController.swift in Sources */ = {isa = PBXBuildFile; fileRef = 1D80726C1D6DD4E700B008B8 /* ReportOffenceTakePhotoViewController.swift */; };
		1D80726F1D6DD50100B008B8 /* ReportDamageTakePhotoViewController.swift in Sources */ = {isa = PBXBuildFile; fileRef = 1D80726E1D6DD50100B008B8 /* ReportDamageTakePhotoViewController.swift */; };
		1D8072711D6DD52900B008B8 /* TransferCounterTakePhotoViewController.swift in Sources */ = {isa = PBXBuildFile; fileRef = 1D8072701D6DD52900B008B8 /* TransferCounterTakePhotoViewController.swift */; };
		1DB5D0701D74AF5D00B57628 /* SearhAdressViewController.swift in Sources */ = {isa = PBXBuildFile; fileRef = 1DB5D06F1D74AF5D00B57628 /* SearhAdressViewController.swift */; };
		1DFA12001D6C4FC10001E61B /* OtherViewController.swift in Sources */ = {isa = PBXBuildFile; fileRef = 1DFA11FF1D6C4FC10001E61B /* OtherViewController.swift */; };
/* End PBXBuildFile section */

/* Begin PBXContainerItemProxy section */
		1D6E241E1D51248B00D47BF3 /* PBXContainerItemProxy */ = {
			isa = PBXContainerItemProxy;
			containerPortal = 1D6E23FE1D51248B00D47BF3 /* Project object */;
			proxyType = 1;
			remoteGlobalIDString = 1D6E24051D51248B00D47BF3;
			remoteInfo = EnergyWallet;
		};
		1D6E24291D51248B00D47BF3 /* PBXContainerItemProxy */ = {
			isa = PBXContainerItemProxy;
			containerPortal = 1D6E23FE1D51248B00D47BF3 /* Project object */;
			proxyType = 1;
			remoteGlobalIDString = 1D6E24051D51248B00D47BF3;
			remoteInfo = EnergyWallet;
		};
/* End PBXContainerItemProxy section */

/* Begin PBXFileReference section */
		1D1D4B521D83E20300C7120C /* IntroViewController.swift */ = {isa = PBXFileReference; fileEncoding = 4; lastKnownFileType = sourcecode.swift; path = IntroViewController.swift; sourceTree = "<group>"; };
		1D23F42F1D83070900AA171B /* MapKit.framework */ = {isa = PBXFileReference; lastKnownFileType = wrapper.framework; name = MapKit.framework; path = System/Library/Frameworks/MapKit.framework; sourceTree = SDKROOT; };
		1D2630FA1D66F7DD00FBD358 /* RegistrationUserDetailViewController.swift */ = {isa = PBXFileReference; fileEncoding = 4; lastKnownFileType = sourcecode.swift; path = RegistrationUserDetailViewController.swift; sourceTree = "<group>"; };
		1D2630FC1D6706C500FBD358 /* AddAdressViewController.swift */ = {isa = PBXFileReference; fileEncoding = 4; lastKnownFileType = sourcecode.swift; path = AddAdressViewController.swift; sourceTree = "<group>"; };
		1D2630FE1D6718DB00FBD358 /* AddCounterViewController.swift */ = {isa = PBXFileReference; fileEncoding = 4; lastKnownFileType = sourcecode.swift; path = AddCounterViewController.swift; sourceTree = "<group>"; };
		1D2631001D67192D00FBD358 /* TransferCounterViewController.swift */ = {isa = PBXFileReference; fileEncoding = 4; lastKnownFileType = sourcecode.swift; path = TransferCounterViewController.swift; sourceTree = "<group>"; };
		1D2631021D6719F800FBD358 /* ReportOffenseViewController.swift */ = {isa = PBXFileReference; fileEncoding = 4; lastKnownFileType = sourcecode.swift; path = ReportOffenseViewController.swift; sourceTree = "<group>"; };
		1D2631041D671A5B00FBD358 /* ReportDamageViewController.swift */ = {isa = PBXFileReference; fileEncoding = 4; lastKnownFileType = sourcecode.swift; path = ReportDamageViewController.swift; sourceTree = "<group>"; };
		1D4194C51D605FD3005336A9 /* Settings.plist */ = {isa = PBXFileReference; fileEncoding = 4; lastKnownFileType = text.plist.xml; path = Settings.plist; sourceTree = "<group>"; };
		1D6E24061D51248B00D47BF3 /* EnergyWallet.app */ = {isa = PBXFileReference; explicitFileType = wrapper.application; includeInIndex = 0; path = EnergyWallet.app; sourceTree = BUILT_PRODUCTS_DIR; };
		1D6E24091D51248B00D47BF3 /* AppDelegate.swift */ = {isa = PBXFileReference; lastKnownFileType = sourcecode.swift; path = AppDelegate.swift; sourceTree = "<group>"; };
		1D6E240E1D51248B00D47BF3 /* Base */ = {isa = PBXFileReference; lastKnownFileType = file.storyboard; name = Base; path = Base.lproj/Main.storyboard; sourceTree = "<group>"; };
		1D6E24111D51248B00D47BF3 /* EnergyWallet.xcdatamodel */ = {isa = PBXFileReference; lastKnownFileType = wrapper.xcdatamodel; path = EnergyWallet.xcdatamodel; sourceTree = "<group>"; };
		1D6E24131D51248B00D47BF3 /* Assets.xcassets */ = {isa = PBXFileReference; lastKnownFileType = folder.assetcatalog; path = Assets.xcassets; sourceTree = "<group>"; };
		1D6E24161D51248B00D47BF3 /* Base */ = {isa = PBXFileReference; lastKnownFileType = file.storyboard; name = Base; path = Base.lproj/LaunchScreen.storyboard; sourceTree = "<group>"; };
		1D6E24181D51248B00D47BF3 /* Info.plist */ = {isa = PBXFileReference; lastKnownFileType = text.plist.xml; path = Info.plist; sourceTree = "<group>"; };
		1D6E241D1D51248B00D47BF3 /* EnergyWalletTests.xctest */ = {isa = PBXFileReference; explicitFileType = wrapper.cfbundle; includeInIndex = 0; path = EnergyWalletTests.xctest; sourceTree = BUILT_PRODUCTS_DIR; };
		1D6E24211D51248B00D47BF3 /* EnergyWalletTests.swift */ = {isa = PBXFileReference; lastKnownFileType = sourcecode.swift; path = EnergyWalletTests.swift; sourceTree = "<group>"; };
		1D6E24231D51248B00D47BF3 /* Info.plist */ = {isa = PBXFileReference; lastKnownFileType = text.plist.xml; path = Info.plist; sourceTree = "<group>"; };
		1D6E24281D51248B00D47BF3 /* EnergyWalletUITests.xctest */ = {isa = PBXFileReference; explicitFileType = wrapper.cfbundle; includeInIndex = 0; path = EnergyWalletUITests.xctest; sourceTree = BUILT_PRODUCTS_DIR; };
		1D6E242C1D51248B00D47BF3 /* EnergyWalletUITests.swift */ = {isa = PBXFileReference; lastKnownFileType = sourcecode.swift; path = EnergyWalletUITests.swift; sourceTree = "<group>"; };
		1D6E242E1D51248B00D47BF3 /* Info.plist */ = {isa = PBXFileReference; lastKnownFileType = text.plist.xml; path = Info.plist; sourceTree = "<group>"; };
		1D6E243B1D51259C00D47BF3 /* Settings.swift */ = {isa = PBXFileReference; fileEncoding = 4; lastKnownFileType = sourcecode.swift; path = Settings.swift; sourceTree = "<group>"; };
		1D6E243C1D51259C00D47BF3 /* WelcomeSplashScreen.swift */ = {isa = PBXFileReference; fileEncoding = 4; lastKnownFileType = sourcecode.swift; path = WelcomeSplashScreen.swift; sourceTree = "<group>"; };
		1D6E243E1D51259C00D47BF3 /* UserAutorizationViewController.swift */ = {isa = PBXFileReference; fileEncoding = 4; lastKnownFileType = sourcecode.swift; path = UserAutorizationViewController.swift; sourceTree = "<group>"; };
		1D6E243F1D51259C00D47BF3 /* PasswordRecoveryViewController.swift */ = {isa = PBXFileReference; fileEncoding = 4; lastKnownFileType = sourcecode.swift; path = PasswordRecoveryViewController.swift; sourceTree = "<group>"; };
		1D6E24401D51259C00D47BF3 /* RegistrationUserViewController.swift */ = {isa = PBXFileReference; fileEncoding = 4; lastKnownFileType = sourcecode.swift; path = RegistrationUserViewController.swift; sourceTree = "<group>"; };
		1D6E24421D51259C00D47BF3 /* PaymentViewController.swift */ = {isa = PBXFileReference; fileEncoding = 4; lastKnownFileType = sourcecode.swift; path = PaymentViewController.swift; sourceTree = "<group>"; };
		1D6E24431D51259C00D47BF3 /* AddressViewController.swift */ = {isa = PBXFileReference; fileEncoding = 4; lastKnownFileType = sourcecode.swift; path = AddressViewController.swift; sourceTree = "<group>"; };
		1D6E24441D51259C00D47BF3 /* CounterViewController.swift */ = {isa = PBXFileReference; fileEncoding = 4; lastKnownFileType = sourcecode.swift; path = CounterViewController.swift; sourceTree = "<group>"; };
		1D6E24501D51266000D47BF3 /* DisconnectionViewController.swift */ = {isa = PBXFileReference; fileEncoding = 4; lastKnownFileType = sourcecode.swift; path = DisconnectionViewController.swift; sourceTree = "<group>"; };
		1D80726A1D6DBCCF00B008B8 /* MyBaseViewController.swift */ = {isa = PBXFileReference; fileEncoding = 4; lastKnownFileType = sourcecode.swift; path = MyBaseViewController.swift; sourceTree = "<group>"; };
		1D80726C1D6DD4E700B008B8 /* ReportOffenceTakePhotoViewController.swift */ = {isa = PBXFileReference; fileEncoding = 4; lastKnownFileType = sourcecode.swift; path = ReportOffenceTakePhotoViewController.swift; sourceTree = "<group>"; };
		1D80726E1D6DD50100B008B8 /* ReportDamageTakePhotoViewController.swift */ = {isa = PBXFileReference; fileEncoding = 4; lastKnownFileType = sourcecode.swift; path = ReportDamageTakePhotoViewController.swift; sourceTree = "<group>"; };
		1D8072701D6DD52900B008B8 /* TransferCounterTakePhotoViewController.swift */ = {isa = PBXFileReference; fileEncoding = 4; lastKnownFileType = sourcecode.swift; path = TransferCounterTakePhotoViewController.swift; sourceTree = "<group>"; };
		1DB5D06F1D74AF5D00B57628 /* SearhAdressViewController.swift */ = {isa = PBXFileReference; fileEncoding = 4; lastKnownFileType = sourcecode.swift; path = SearhAdressViewController.swift; sourceTree = "<group>"; };
		1DFA11FF1D6C4FC10001E61B /* OtherViewController.swift */ = {isa = PBXFileReference; fileEncoding = 4; lastKnownFileType = sourcecode.swift; path = OtherViewController.swift; sourceTree = "<group>"; };
/* End PBXFileReference section */

/* Begin PBXFrameworksBuildPhase section */
		1D6E24031D51248B00D47BF3 /* Frameworks */ = {
			isa = PBXFrameworksBuildPhase;
			buildActionMask = 2147483647;
			files = (
				1D23F4301D83070900AA171B /* MapKit.framework in Frameworks */,
			);
			runOnlyForDeploymentPostprocessing = 0;
		};
		1D6E241A1D51248B00D47BF3 /* Frameworks */ = {
			isa = PBXFrameworksBuildPhase;
			buildActionMask = 2147483647;
			files = (
			);
			runOnlyForDeploymentPostprocessing = 0;
		};
		1D6E24251D51248B00D47BF3 /* Frameworks */ = {
			isa = PBXFrameworksBuildPhase;
			buildActionMask = 2147483647;
			files = (
			);
			runOnlyForDeploymentPostprocessing = 0;
		};
/* End PBXFrameworksBuildPhase section */

/* Begin PBXGroup section */
		1D6E23FD1D51248B00D47BF3 = {
			isa = PBXGroup;
			children = (
				1D23F42F1D83070900AA171B /* MapKit.framework */,
				1D6E24081D51248B00D47BF3 /* EnergyWallet */,
				1D6E24201D51248B00D47BF3 /* EnergyWalletTests */,
				1D6E242B1D51248B00D47BF3 /* EnergyWalletUITests */,
				1D6E24071D51248B00D47BF3 /* Products */,
			);
			sourceTree = "<group>";
		};
		1D6E24071D51248B00D47BF3 /* Products */ = {
			isa = PBXGroup;
			children = (
				1D6E24061D51248B00D47BF3 /* EnergyWallet.app */,
				1D6E241D1D51248B00D47BF3 /* EnergyWalletTests.xctest */,
				1D6E24281D51248B00D47BF3 /* EnergyWalletUITests.xctest */,
			);
			name = Products;
			sourceTree = "<group>";
		};
		1D6E24081D51248B00D47BF3 /* EnergyWallet */ = {
			isa = PBXGroup;
			children = (
				1D4194C51D605FD3005336A9 /* Settings.plist */,
				1D6E243B1D51259C00D47BF3 /* Settings.swift */,
				1D80726A1D6DBCCF00B008B8 /* MyBaseViewController.swift */,
				1D6E24091D51248B00D47BF3 /* AppDelegate.swift */,
				1D6E243C1D51259C00D47BF3 /* WelcomeSplashScreen.swift */,
				1D1D4B521D83E20300C7120C /* IntroViewController.swift */,
				1D6E243E1D51259C00D47BF3 /* UserAutorizationViewController.swift */,
				1D6E24401D51259C00D47BF3 /* RegistrationUserViewController.swift */,
				1D2630FA1D66F7DD00FBD358 /* RegistrationUserDetailViewController.swift */,
				1D6E243F1D51259C00D47BF3 /* PasswordRecoveryViewController.swift */,
				1D6E24501D51266000D47BF3 /* DisconnectionViewController.swift */,
				1D6E24421D51259C00D47BF3 /* PaymentViewController.swift */,
				1D6E24431D51259C00D47BF3 /* AddressViewController.swift */,
				1D2630FC1D6706C500FBD358 /* AddAdressViewController.swift */,
				1D6E24441D51259C00D47BF3 /* CounterViewController.swift */,
				1D2630FE1D6718DB00FBD358 /* AddCounterViewController.swift */,
				1D2631001D67192D00FBD358 /* TransferCounterViewController.swift */,
				1D8072701D6DD52900B008B8 /* TransferCounterTakePhotoViewController.swift */,
				1D2631021D6719F800FBD358 /* ReportOffenseViewController.swift */,
				1D80726C1D6DD4E700B008B8 /* ReportOffenceTakePhotoViewController.swift */,
				1D2631041D671A5B00FBD358 /* ReportDamageViewController.swift */,
				1D80726E1D6DD50100B008B8 /* ReportDamageTakePhotoViewController.swift */,
				1DFA11FF1D6C4FC10001E61B /* OtherViewController.swift */,
				1DB5D06F1D74AF5D00B57628 /* SearhAdressViewController.swift */,
				1D6E240D1D51248B00D47BF3 /* Main.storyboard */,
				1D6E24131D51248B00D47BF3 /* Assets.xcassets */,
				1D6E24151D51248B00D47BF3 /* LaunchScreen.storyboard */,
				1D6E24181D51248B00D47BF3 /* Info.plist */,
				1D6E24101D51248B00D47BF3 /* EnergyWallet.xcdatamodeld */,
			);
			path = EnergyWallet;
			sourceTree = "<group>";
		};
		1D6E24201D51248B00D47BF3 /* EnergyWalletTests */ = {
			isa = PBXGroup;
			children = (
				1D6E24211D51248B00D47BF3 /* EnergyWalletTests.swift */,
				1D6E24231D51248B00D47BF3 /* Info.plist */,
			);
			path = EnergyWalletTests;
			sourceTree = "<group>";
		};
		1D6E242B1D51248B00D47BF3 /* EnergyWalletUITests */ = {
			isa = PBXGroup;
			children = (
				1D6E242C1D51248B00D47BF3 /* EnergyWalletUITests.swift */,
				1D6E242E1D51248B00D47BF3 /* Info.plist */,
			);
			path = EnergyWalletUITests;
			sourceTree = "<group>";
		};
/* End PBXGroup section */

/* Begin PBXNativeTarget section */
		1D6E24051D51248B00D47BF3 /* EnergyWallet */ = {
			isa = PBXNativeTarget;
			buildConfigurationList = 1D6E24311D51248B00D47BF3 /* Build configuration list for PBXNativeTarget "EnergyWallet" */;
			buildPhases = (
				1D6E24021D51248B00D47BF3 /* Sources */,
				1D6E24031D51248B00D47BF3 /* Frameworks */,
				1D6E24041D51248B00D47BF3 /* Resources */,
			);
			buildRules = (
			);
			dependencies = (
			);
			name = EnergyWallet;
			productName = EnergyWallet;
			productReference = 1D6E24061D51248B00D47BF3 /* EnergyWallet.app */;
			productType = "com.apple.product-type.application";
		};
		1D6E241C1D51248B00D47BF3 /* EnergyWalletTests */ = {
			isa = PBXNativeTarget;
			buildConfigurationList = 1D6E24341D51248B00D47BF3 /* Build configuration list for PBXNativeTarget "EnergyWalletTests" */;
			buildPhases = (
				1D6E24191D51248B00D47BF3 /* Sources */,
				1D6E241A1D51248B00D47BF3 /* Frameworks */,
				1D6E241B1D51248B00D47BF3 /* Resources */,
			);
			buildRules = (
			);
			dependencies = (
				1D6E241F1D51248B00D47BF3 /* PBXTargetDependency */,
			);
			name = EnergyWalletTests;
			productName = EnergyWalletTests;
			productReference = 1D6E241D1D51248B00D47BF3 /* EnergyWalletTests.xctest */;
			productType = "com.apple.product-type.bundle.unit-test";
		};
		1D6E24271D51248B00D47BF3 /* EnergyWalletUITests */ = {
			isa = PBXNativeTarget;
			buildConfigurationList = 1D6E24371D51248B00D47BF3 /* Build configuration list for PBXNativeTarget "EnergyWalletUITests" */;
			buildPhases = (
				1D6E24241D51248B00D47BF3 /* Sources */,
				1D6E24251D51248B00D47BF3 /* Frameworks */,
				1D6E24261D51248B00D47BF3 /* Resources */,
			);
			buildRules = (
			);
			dependencies = (
				1D6E242A1D51248B00D47BF3 /* PBXTargetDependency */,
			);
			name = EnergyWalletUITests;
			productName = EnergyWalletUITests;
			productReference = 1D6E24281D51248B00D47BF3 /* EnergyWalletUITests.xctest */;
			productType = "com.apple.product-type.bundle.ui-testing";
		};
/* End PBXNativeTarget section */

/* Begin PBXProject section */
		1D6E23FE1D51248B00D47BF3 /* Project object */ = {
			isa = PBXProject;
			attributes = {
				LastSwiftUpdateCheck = 0730;
				LastUpgradeCheck = 0800;
				ORGANIZATIONNAME = Diy2210;
				TargetAttributes = {
					1D6E24051D51248B00D47BF3 = {
						CreatedOnToolsVersion = 7.3.1;
						DevelopmentTeam = 2TX55547ZG;
						LastSwiftMigration = 0800;
					};
					1D6E241C1D51248B00D47BF3 = {
						CreatedOnToolsVersion = 7.3.1;
						LastSwiftMigration = 0800;
						TestTargetID = 1D6E24051D51248B00D47BF3;
					};
					1D6E24271D51248B00D47BF3 = {
						CreatedOnToolsVersion = 7.3.1;
						LastSwiftMigration = 0800;
						TestTargetID = 1D6E24051D51248B00D47BF3;
					};
				};
			};
			buildConfigurationList = 1D6E24011D51248B00D47BF3 /* Build configuration list for PBXProject "EnergyWallet" */;
			compatibilityVersion = "Xcode 3.2";
			developmentRegion = English;
			hasScannedForEncodings = 0;
			knownRegions = (
				en,
				Base,
			);
			mainGroup = 1D6E23FD1D51248B00D47BF3;
			productRefGroup = 1D6E24071D51248B00D47BF3 /* Products */;
			projectDirPath = "";
			projectRoot = "";
			targets = (
				1D6E24051D51248B00D47BF3 /* EnergyWallet */,
				1D6E241C1D51248B00D47BF3 /* EnergyWalletTests */,
				1D6E24271D51248B00D47BF3 /* EnergyWalletUITests */,
			);
		};
/* End PBXProject section */

/* Begin PBXResourcesBuildPhase section */
		1D6E24041D51248B00D47BF3 /* Resources */ = {
			isa = PBXResourcesBuildPhase;
			buildActionMask = 2147483647;
			files = (
				1D6E24171D51248B00D47BF3 /* LaunchScreen.storyboard in Resources */,
				1D4194C61D605FD3005336A9 /* Settings.plist in Resources */,
				1D6E24141D51248B00D47BF3 /* Assets.xcassets in Resources */,
				1D6E240F1D51248B00D47BF3 /* Main.storyboard in Resources */,
			);
			runOnlyForDeploymentPostprocessing = 0;
		};
		1D6E241B1D51248B00D47BF3 /* Resources */ = {
			isa = PBXResourcesBuildPhase;
			buildActionMask = 2147483647;
			files = (
			);
			runOnlyForDeploymentPostprocessing = 0;
		};
		1D6E24261D51248B00D47BF3 /* Resources */ = {
			isa = PBXResourcesBuildPhase;
			buildActionMask = 2147483647;
			files = (
			);
			runOnlyForDeploymentPostprocessing = 0;
		};
/* End PBXResourcesBuildPhase section */

/* Begin PBXSourcesBuildPhase section */
		1D6E24021D51248B00D47BF3 /* Sources */ = {
			isa = PBXSourcesBuildPhase;
			buildActionMask = 2147483647;
			files = (
				1D2630FB1D66F7DD00FBD358 /* RegistrationUserDetailViewController.swift in Sources */,
				1D80726B1D6DBCCF00B008B8 /* MyBaseViewController.swift in Sources */,
				1D6E244A1D51259C00D47BF3 /* PasswordRecoveryViewController.swift in Sources */,
				1DFA12001D6C4FC10001E61B /* OtherViewController.swift in Sources */,
				1DB5D0701D74AF5D00B57628 /* SearhAdressViewController.swift in Sources */,
				1D2631011D67192D00FBD358 /* TransferCounterViewController.swift in Sources */,
				1D2631031D6719F800FBD358 /* ReportOffenseViewController.swift in Sources */,
				1D6E24121D51248B00D47BF3 /* EnergyWallet.xcdatamodeld in Sources */,
				1D8072711D6DD52900B008B8 /* TransferCounterTakePhotoViewController.swift in Sources */,
				1D6E244E1D51259C00D47BF3 /* AddressViewController.swift in Sources */,
				1D6E24511D51266000D47BF3 /* DisconnectionViewController.swift in Sources */,
				1D2631051D671A5B00FBD358 /* ReportDamageViewController.swift in Sources */,
				1D80726D1D6DD4E700B008B8 /* ReportOffenceTakePhotoViewController.swift in Sources */,
				1D2630FD1D6706C500FBD358 /* AddAdressViewController.swift in Sources */,
				1D2630FF1D6718DB00FBD358 /* AddCounterViewController.swift in Sources */,
				1D1D4B531D83E20300C7120C /* IntroViewController.swift in Sources */,
				1D6E24471D51259C00D47BF3 /* WelcomeSplashScreen.swift in Sources */,
				1D6E24461D51259C00D47BF3 /* Settings.swift in Sources */,
				1D6E244F1D51259C00D47BF3 /* CounterViewController.swift in Sources */,
				1D6E244D1D51259C00D47BF3 /* PaymentViewController.swift in Sources */,
				1D6E244B1D51259C00D47BF3 /* RegistrationUserViewController.swift in Sources */,
				1D80726F1D6DD50100B008B8 /* ReportDamageTakePhotoViewController.swift in Sources */,
				1D6E24491D51259C00D47BF3 /* UserAutorizationViewController.swift in Sources */,
				1D6E240A1D51248B00D47BF3 /* AppDelegate.swift in Sources */,
			);
			runOnlyForDeploymentPostprocessing = 0;
		};
		1D6E24191D51248B00D47BF3 /* Sources */ = {
			isa = PBXSourcesBuildPhase;
			buildActionMask = 2147483647;
			files = (
				1D6E24221D51248B00D47BF3 /* EnergyWalletTests.swift in Sources */,
			);
			runOnlyForDeploymentPostprocessing = 0;
		};
		1D6E24241D51248B00D47BF3 /* Sources */ = {
			isa = PBXSourcesBuildPhase;
			buildActionMask = 2147483647;
			files = (
				1D6E242D1D51248B00D47BF3 /* EnergyWalletUITests.swift in Sources */,
			);
			runOnlyForDeploymentPostprocessing = 0;
		};
/* End PBXSourcesBuildPhase section */

/* Begin PBXTargetDependency section */
		1D6E241F1D51248B00D47BF3 /* PBXTargetDependency */ = {
			isa = PBXTargetDependency;
			target = 1D6E24051D51248B00D47BF3 /* EnergyWallet */;
			targetProxy = 1D6E241E1D51248B00D47BF3 /* PBXContainerItemProxy */;
		};
		1D6E242A1D51248B00D47BF3 /* PBXTargetDependency */ = {
			isa = PBXTargetDependency;
			target = 1D6E24051D51248B00D47BF3 /* EnergyWallet */;
			targetProxy = 1D6E24291D51248B00D47BF3 /* PBXContainerItemProxy */;
		};
/* End PBXTargetDependency section */

/* Begin PBXVariantGroup section */
		1D6E240D1D51248B00D47BF3 /* Main.storyboard */ = {
			isa = PBXVariantGroup;
			children = (
				1D6E240E1D51248B00D47BF3 /* Base */,
			);
			name = Main.storyboard;
			sourceTree = "<group>";
		};
		1D6E24151D51248B00D47BF3 /* LaunchScreen.storyboard */ = {
			isa = PBXVariantGroup;
			children = (
				1D6E24161D51248B00D47BF3 /* Base */,
			);
			name = LaunchScreen.storyboard;
			sourceTree = "<group>";
		};
/* End PBXVariantGroup section */

/* Begin XCBuildConfiguration section */
		1D6E242F1D51248B00D47BF3 /* Debug */ = {
			isa = XCBuildConfiguration;
			buildSettings = {
				ALWAYS_SEARCH_USER_PATHS = NO;
				CLANG_ANALYZER_NONNULL = YES;
				CLANG_CXX_LANGUAGE_STANDARD = "gnu++0x";
				CLANG_CXX_LIBRARY = "libc++";
				CLANG_ENABLE_MODULES = YES;
				CLANG_ENABLE_OBJC_ARC = YES;
				CLANG_WARN_BOOL_CONVERSION = YES;
				CLANG_WARN_CONSTANT_CONVERSION = YES;
				CLANG_WARN_DIRECT_OBJC_ISA_USAGE = YES_ERROR;
				CLANG_WARN_EMPTY_BODY = YES;
				CLANG_WARN_ENUM_CONVERSION = YES;
				CLANG_WARN_INFINITE_RECURSION = YES;
				CLANG_WARN_INT_CONVERSION = YES;
				CLANG_WARN_OBJC_ROOT_CLASS = YES_ERROR;
				CLANG_WARN_SUSPICIOUS_MOVE = YES;
				CLANG_WARN_UNREACHABLE_CODE = YES;
				CLANG_WARN__DUPLICATE_METHOD_MATCH = YES;
				"CODE_SIGN_IDENTITY[sdk=iphoneos*]" = "iPhone Developer";
				COPY_PHASE_STRIP = NO;
				DEBUG_INFORMATION_FORMAT = dwarf;
				ENABLE_STRICT_OBJC_MSGSEND = YES;
				ENABLE_TESTABILITY = YES;
				GCC_C_LANGUAGE_STANDARD = gnu99;
				GCC_DYNAMIC_NO_PIC = NO;
				GCC_NO_COMMON_BLOCKS = YES;
				GCC_OPTIMIZATION_LEVEL = 0;
				GCC_PREPROCESSOR_DEFINITIONS = (
					"DEBUG=1",
					"$(inherited)",
				);
				GCC_WARN_64_TO_32_BIT_CONVERSION = YES;
				GCC_WARN_ABOUT_RETURN_TYPE = YES_ERROR;
				GCC_WARN_UNDECLARED_SELECTOR = YES;
				GCC_WARN_UNINITIALIZED_AUTOS = YES_AGGRESSIVE;
				GCC_WARN_UNUSED_FUNCTION = YES;
				GCC_WARN_UNUSED_VARIABLE = YES;
				IPHONEOS_DEPLOYMENT_TARGET = 10.0;
				MTL_ENABLE_DEBUG_INFO = YES;
				ONLY_ACTIVE_ARCH = YES;
				SDKROOT = iphoneos;
				SWIFT_OPTIMIZATION_LEVEL = "-Onone";
				TARGETED_DEVICE_FAMILY = "1,2";
			};
			name = Debug;
		};
		1D6E24301D51248B00D47BF3 /* Release */ = {
			isa = XCBuildConfiguration;
			buildSettings = {
				ALWAYS_SEARCH_USER_PATHS = NO;
				CLANG_ANALYZER_NONNULL = YES;
				CLANG_CXX_LANGUAGE_STANDARD = "gnu++0x";
				CLANG_CXX_LIBRARY = "libc++";
				CLANG_ENABLE_MODULES = YES;
				CLANG_ENABLE_OBJC_ARC = YES;
				CLANG_WARN_BOOL_CONVERSION = YES;
				CLANG_WARN_CONSTANT_CONVERSION = YES;
				CLANG_WARN_DIRECT_OBJC_ISA_USAGE = YES_ERROR;
				CLANG_WARN_EMPTY_BODY = YES;
				CLANG_WARN_ENUM_CONVERSION = YES;
				CLANG_WARN_INFINITE_RECURSION = YES;
				CLANG_WARN_INT_CONVERSION = YES;
				CLANG_WARN_OBJC_ROOT_CLASS = YES_ERROR;
				CLANG_WARN_SUSPICIOUS_MOVE = YES;
				CLANG_WARN_UNREACHABLE_CODE = YES;
				CLANG_WARN__DUPLICATE_METHOD_MATCH = YES;
				"CODE_SIGN_IDENTITY[sdk=iphoneos*]" = "iPhone Developer";
				COPY_PHASE_STRIP = NO;
				DEBUG_INFORMATION_FORMAT = "dwarf-with-dsym";
				ENABLE_NS_ASSERTIONS = NO;
				ENABLE_STRICT_OBJC_MSGSEND = YES;
				GCC_C_LANGUAGE_STANDARD = gnu99;
				GCC_NO_COMMON_BLOCKS = YES;
				GCC_WARN_64_TO_32_BIT_CONVERSION = YES;
				GCC_WARN_ABOUT_RETURN_TYPE = YES_ERROR;
				GCC_WARN_UNDECLARED_SELECTOR = YES;
				GCC_WARN_UNINITIALIZED_AUTOS = YES_AGGRESSIVE;
				GCC_WARN_UNUSED_FUNCTION = YES;
				GCC_WARN_UNUSED_VARIABLE = YES;
				IPHONEOS_DEPLOYMENT_TARGET = 10.0;
				MTL_ENABLE_DEBUG_INFO = NO;
				SDKROOT = iphoneos;
				SWIFT_OPTIMIZATION_LEVEL = "-Owholemodule";
				TARGETED_DEVICE_FAMILY = "1,2";
				VALIDATE_PRODUCT = YES;
			};
			name = Release;
		};
		1D6E24321D51248B00D47BF3 /* Debug */ = {
			isa = XCBuildConfiguration;
			buildSettings = {
				ASSETCATALOG_COMPILER_APPICON_NAME = AppIcon;
				CODE_SIGN_IDENTITY = "iPhone Developer";
				INFOPLIST_FILE = EnergyWallet/Info.plist;
				IPHONEOS_DEPLOYMENT_TARGET = 10.0;
				LD_RUNPATH_SEARCH_PATHS = "$(inherited) @executable_path/Frameworks";
				PRODUCT_BUNDLE_IDENTIFIER = Diy2210.EnergyWallet;
				PRODUCT_NAME = "$(TARGET_NAME)";
				SWIFT_VERSION = 3.0;
				TARGETED_DEVICE_FAMILY = 1;
			};
			name = Debug;
		};
		1D6E24331D51248B00D47BF3 /* Release */ = {
			isa = XCBuildConfiguration;
			buildSettings = {
				ASSETCATALOG_COMPILER_APPICON_NAME = AppIcon;
				CODE_SIGN_IDENTITY = "iPhone Developer";
				INFOPLIST_FILE = EnergyWallet/Info.plist;
				IPHONEOS_DEPLOYMENT_TARGET = 10.0;
				LD_RUNPATH_SEARCH_PATHS = "$(inherited) @executable_path/Frameworks";
				PRODUCT_BUNDLE_IDENTIFIER = Diy2210.EnergyWallet;
				PRODUCT_NAME = "$(TARGET_NAME)";
				SWIFT_VERSION = 3.0;
				TARGETED_DEVICE_FAMILY = 1;
			};
			name = Release;
		};
		1D6E24351D51248B00D47BF3 /* Debug */ = {
			isa = XCBuildConfiguration;
			buildSettings = {
				BUNDLE_LOADER = "$(TEST_HOST)";
				INFOPLIST_FILE = EnergyWalletTests/Info.plist;
				LD_RUNPATH_SEARCH_PATHS = "$(inherited) @executable_path/Frameworks @loader_path/Frameworks";
				PRODUCT_BUNDLE_IDENTIFIER = Diy2210.EnergyWalletTests;
				PRODUCT_NAME = "$(TARGET_NAME)";
				SWIFT_VERSION = 3.0;
				TEST_HOST = "$(BUILT_PRODUCTS_DIR)/EnergyWallet.app/EnergyWallet";
			};
			name = Debug;
		};
		1D6E24361D51248B00D47BF3 /* Release */ = {
			isa = XCBuildConfiguration;
			buildSettings = {
				BUNDLE_LOADER = "$(TEST_HOST)";
				INFOPLIST_FILE = EnergyWalletTests/Info.plist;
				LD_RUNPATH_SEARCH_PATHS = "$(inherited) @executable_path/Frameworks @loader_path/Frameworks";
				PRODUCT_BUNDLE_IDENTIFIER = Diy2210.EnergyWalletTests;
				PRODUCT_NAME = "$(TARGET_NAME)";
				SWIFT_VERSION = 3.0;
				TEST_HOST = "$(BUILT_PRODUCTS_DIR)/EnergyWallet.app/EnergyWallet";
			};
			name = Release;
		};
		1D6E24381D51248B00D47BF3 /* Debug */ = {
			isa = XCBuildConfiguration;
			buildSettings = {
				INFOPLIST_FILE = EnergyWalletUITests/Info.plist;
				LD_RUNPATH_SEARCH_PATHS = "$(inherited) @executable_path/Frameworks @loader_path/Frameworks";
				PRODUCT_BUNDLE_IDENTIFIER = Diy2210.EnergyWalletUITests;
				PRODUCT_NAME = "$(TARGET_NAME)";
				SWIFT_VERSION = 3.0;
				TEST_TARGET_NAME = EnergyWallet;
			};
			name = Debug;
		};
		1D6E24391D51248B00D47BF3 /* Release */ = {
			isa = XCBuildConfiguration;
			buildSettings = {
				INFOPLIST_FILE = EnergyWalletUITests/Info.plist;
				LD_RUNPATH_SEARCH_PATHS = "$(inherited) @executable_path/Frameworks @loader_path/Frameworks";
				PRODUCT_BUNDLE_IDENTIFIER = Diy2210.EnergyWalletUITests;
				PRODUCT_NAME = "$(TARGET_NAME)";
				SWIFT_VERSION = 3.0;
				TEST_TARGET_NAME = EnergyWallet;
			};
			name = Release;
		};
/* End XCBuildConfiguration section */

/* Begin XCConfigurationList section */
		1D6E24011D51248B00D47BF3 /* Build configuration list for PBXProject "EnergyWallet" */ = {
			isa = XCConfigurationList;
			buildConfigurations = (
				1D6E242F1D51248B00D47BF3 /* Debug */,
				1D6E24301D51248B00D47BF3 /* Release */,
			);
			defaultConfigurationIsVisible = 0;
			defaultConfigurationName = Release;
		};
		1D6E24311D51248B00D47BF3 /* Build configuration list for PBXNativeTarget "EnergyWallet" */ = {
			isa = XCConfigurationList;
			buildConfigurations = (
				1D6E24321D51248B00D47BF3 /* Debug */,
				1D6E24331D51248B00D47BF3 /* Release */,
			);
			defaultConfigurationIsVisible = 0;
			defaultConfigurationName = Release;
		};
		1D6E24341D51248B00D47BF3 /* Build configuration list for PBXNativeTarget "EnergyWalletTests" */ = {
			isa = XCConfigurationList;
			buildConfigurations = (
				1D6E24351D51248B00D47BF3 /* Debug */,
				1D6E24361D51248B00D47BF3 /* Release */,
			);
			defaultConfigurationIsVisible = 0;
			defaultConfigurationName = Release;
		};
		1D6E24371D51248B00D47BF3 /* Build configuration list for PBXNativeTarget "EnergyWalletUITests" */ = {
			isa = XCConfigurationList;
			buildConfigurations = (
				1D6E24381D51248B00D47BF3 /* Debug */,
				1D6E24391D51248B00D47BF3 /* Release */,
			);
			defaultConfigurationIsVisible = 0;
			defaultConfigurationName = Release;
		};
/* End XCConfigurationList section */

/* Begin XCVersionGroup section */
		1D6E24101D51248B00D47BF3 /* EnergyWallet.xcdatamodeld */ = {
			isa = XCVersionGroup;
			children = (
				1D6E24111D51248B00D47BF3 /* EnergyWallet.xcdatamodel */,
			);
			currentVersion = 1D6E24111D51248B00D47BF3 /* EnergyWallet.xcdatamodel */;
			path = EnergyWallet.xcdatamodeld;
			sourceTree = "<group>";
			versionGroupType = wrapper.xcdatamodel;
		};
/* End XCVersionGroup section */
	};
	rootObject = 1D6E23FE1D51248B00D47BF3 /* Project object */;
}
